
Microsoft Visual Studio Solution File, Format Version 12.00
# Visual Studio Version 16
VisualStudioVersion = 16.0.31624.102
MinimumVisualStudioVersion = 10.0.40219.1
Project("{FAE04EC0-301F-11D3-BF4B-00C04F79EFBC}") = "TagsCounter", "TagsCounter\TagsCounter.csproj", "{33A5229C-B6E5-49EA-A704-EEC7D5E4251E}"
EndProject
Project("{2150E333-8FDC-42A3-9474-1A3956D46DE8}") = "Solution Items", "Solution Items", "{8D6A78CD-CC09-49DB-A951-3ADFCC6A4A04}"
	ProjectSection(SolutionItems) = preProject
		.editorconfig = .editorconfig
	EndProjectSection
EndProject
Global
	GlobalSection(SolutionConfigurationPlatforms) = preSolution
		Debug|Any CPU = Debug|Any CPU
		Release|Any CPU = Release|Any CPU
	EndGlobalSection
	GlobalSection(ProjectConfigurationPlatforms) = postSolution
		{33A5229C-B6E5-49EA-A704-EEC7D5E4251E}.Debug|Any CPU.ActiveCfg = Debug|Any CPU
		{33A5229C-B6E5-49EA-A704-EEC7D5E4251E}.Debug|Any CPU.Build.0 = Debug|Any CPU
		{33A5229C-B6E5-49EA-A704-EEC7D5E4251E}.Release|Any CPU.ActiveCfg = Release|Any CPU
		{33A5229C-B6E5-49EA-A704-EEC7D5E4251E}.Release|Any CPU.Build.0 = Release|Any CPU
	EndGlobalSection
	GlobalSection(SolutionProperties) = preSolution
		HideSolutionNode = FALSE
	EndGlobalSection
	GlobalSection(ExtensibilityGlobals) = postSolution
		SolutionGuid = {8A8D3D4D-66A0-449B-AEE2-A1446CB7FF97}
	EndGlobalSection
EndGlobal
